# This file is automatically @generated by Poetry 1.8.5 and should not be changed by hand.

[[package]]
name = "docker-compose-wait"
version = "1.2.2"
description = "Some useful command line utility to wait until all services declared in a docker-compose file are up and running."
optional = false
python-versions = ">=2.7,!=3.0.*,!=3.1.*,!=3.2.*,!=3.3.*,!=3.4.*"
files = [
    {file = "docker-compose-wait-1.2.2.tar.gz", hash = "sha256:6ff8b88c00deb3631bb79a31c3f3125f9418957d2ec794e0febfc20b67f2dd34"},
]

[package.dependencies]
PyYAML = ">=3.12"

[[package]]
name = "jq"
version = "1.10.0"
description = "jq is a lightweight and flexible JSON processor."
optional = false
python-versions = ">=3.8"
files = [
    {file = "jq-1.10.0-cp310-cp310-macosx_10_9_x86_64.whl", hash = "sha256:9bba438d1813e537294e77f6f0ab3f4b23d3a0ae125187edf4827260a31341a0"},
    {file = "jq-1.10.0-cp310-cp310-macosx_11_0_arm64.whl", hash = "sha256:3eb6aed0d9882c43ae4c1757b72afc02063504f69d14eb12352c9b2813137c71"},
    {file = "jq-1.10.0-cp310-cp310-manylinux_2_17_aarch64.manylinux2014_aarch64.whl", hash = "sha256:8c2a6a83f8b59dcb0b9a09f1e6b042e667923916767d0bee869e217d067f5f25"},
    {file = "jq-1.10.0-cp310-cp310-manylinux_2_17_x86_64.manylinux2014_x86_64.whl", hash = "sha256:731fa11ce06276365c51fe2e23821d33acf6c66e501acfc4dd95507be840dd39"},
    {file = "jq-1.10.0-cp310-cp310-manylinux_2_5_i686.manylinux1_i686.manylinux_2_17_i686.manylinux2014_i686.whl", hash = "sha256:cd313711ad4b6158662a65e1de9a4e34e6f297cacaa2a563b1d7c37fd453770e"},
    {file = "jq-1.10.0-cp310-cp310-musllinux_1_2_aarch64.whl", hash = "sha256:af859195c4a46adc52866cbc08a5d56fea86cbb8d18c9e02b95fea7d0b9c872d"},
    {file = "jq-1.10.0-cp310-cp310-musllinux_1_2_i686.whl", hash = "sha256:801d01e2c933fa3da70ce18d73adb29c4fd07ebe0e2da3f39f79719357a60014"},
    {file = "jq-1.10.0-cp310-cp310-musllinux_1_2_x86_64.whl", hash = "sha256:f6557f291f0b13db045b35401fa8b67b866fa1488e3a9703a1bcc5d156948c59"},
    {file = "jq-1.10.0-cp310-cp310-win32.whl", hash = "sha256:148a140c16c366c42c63e5a920dc8259ab62034c6f2c6b0f410df579fdf04654"},
    {file = "jq-1.10.0-cp310-cp310-win_amd64.whl", hash = "sha256:f8aa3f4eb6948be7b9b7c8eb19d4fbdaa2765227d21ea875898e2d20552ad749"},
    {file = "jq-1.10.0-cp311-cp311-macosx_10_9_x86_64.whl", hash = "sha256:1363930e8efe63a76e6be93ffc6fea6d9201ba13a21f8a9c7943e9c6a4184cf7"},
    {file = "jq-1.10.0-cp311-cp311-macosx_11_0_arm64.whl", hash = "sha256:850c99324fdb2e42a2056c27ec45af87b1bc764a14c94cdf011f6e21d885f032"},
    {file = "jq-1.10.0-cp311-cp311-manylinux_2_17_aarch64.manylinux2014_aarch64.whl", hash = "sha256:75aabeae63f36fe421c25cb793f5e166500400e443e7f6ce509261d06d4f8b5d"},
    {file = "jq-1.10.0-cp311-cp311-manylinux_2_17_x86_64.manylinux2014_x86_64.whl", hash = "sha256:4b6e1f04da95c5057346954b24e65cb401cf9c64566e68c4263454717fcf464d"},
    {file = "jq-1.10.0-cp311-cp311-manylinux_2_5_i686.manylinux1_i686.manylinux_2_17_i686.manylinux2014_i686.whl", hash = "sha256:3ff2ac703b1bde9209f124aa7948012b77e93a40f858c24cf0bbd48f150c15e8"},
    {file = "jq-1.10.0-cp311-cp311-musllinux_1_2_aarch64.whl", hash = "sha256:83ae246c191e6c5363cb7987af10c4c3071ec6995424eb749d225fbb985d9e47"},
    {file = "jq-1.10.0-cp311-cp311-musllinux_1_2_i686.whl", hash = "sha256:307ed7ac72c03843af46face4ec1b8238f6d0d68f5a37aab3b55d178c329ad34"},
    {file = "jq-1.10.0-cp311-cp311-musllinux_1_2_x86_64.whl", hash = "sha256:ded278e64dad446667656f7144cefe20cea16bb57cf6912ef6d1ddf3bddc9861"},
    {file = "jq-1.10.0-cp311-cp311-win32.whl", hash = "sha256:5d5624d43c8597b06a4a2c5461d1577f29f23991472a5da88b742f7fa529c1d1"},
    {file = "jq-1.10.0-cp311-cp311-win_amd64.whl", hash = "sha256:08bf55484a20955264358823049ff8deb671bb0025d51707ec591b5eb18a94d7"},
    {file = "jq-1.10.0-cp312-cp312-macosx_10_13_x86_64.whl", hash = "sha256:fe636cfa95b7027e7b43da83ecfd61431c0de80c3e0aa4946534b087149dcb4c"},
    {file = "jq-1.10.0-cp312-cp312-macosx_11_0_arm64.whl", hash = "sha256:947fc7e1baaa7e95833b950e5a66b3e13a5cff028bff2d009b8c320124d9e69b"},
    {file = "jq-1.10.0-cp312-cp312-manylinux_2_17_aarch64.manylinux2014_aarch64.whl", hash = "sha256:9382f85a347623afa521c43f8f09439e68906fd5b3492016f969a29219796bb9"},
    {file = "jq-1.10.0-cp312-cp312-manylinux_2_17_x86_64.manylinux2014_x86_64.whl", hash = "sha256:c376aab525d0a1debe403d3bc2f19fda9473696a1eda56bafc88248fc4ae6e7e"},
    {file = "jq-1.10.0-cp312-cp312-manylinux_2_5_i686.manylinux1_i686.manylinux_2_17_i686.manylinux2014_i686.whl", hash = "sha256:206f230c67a46776f848858c66b9c377a8e40c2b16195552edd96fd7b45f9a52"},
    {file = "jq-1.10.0-cp312-cp312-musllinux_1_2_aarch64.whl", hash = "sha256:06986456ebc95ccb9e9c2a1f0e842bc9d441225a554a9f9d4370ad95a19ac000"},
    {file = "jq-1.10.0-cp312-cp312-musllinux_1_2_i686.whl", hash = "sha256:d02c0be958ddb4d9254ff251b045df2f8ee5995137702eeab4ffa81158bcdbe0"},
    {file = "jq-1.10.0-cp312-cp312-musllinux_1_2_x86_64.whl", hash = "sha256:37cf6fd2ebd2453e75ceef207d5a95a39fcbda371a9b8916db0bd42e8737a621"},
    {file = "jq-1.10.0-cp312-cp312-win32.whl", hash = "sha256:655d75d54a343944a9b011f568156cdc29ae0b35d2fdeefb001f459a4e4fc313"},
    {file = "jq-1.10.0-cp312-cp312-win_amd64.whl", hash = "sha256:1d67c2653ae41eab48f8888c213c9e1807b43167f26ac623c9f3e00989d3edee"},
    {file = "jq-1.10.0-cp313-cp313-macosx_10_13_x86_64.whl", hash = "sha256:b11d6e115ebad15d738d49932c3a8b9bb302b928e0fb79acc80987598d147a43"},
    {file = "jq-1.10.0-cp313-cp313-macosx_11_0_arm64.whl", hash = "sha256:df278904c5727dfe5bc678131a0636d731cd944879d890adf2fc6de35214b19b"},
    {file = "jq-1.10.0-cp313-cp313-manylinux_2_17_aarch64.manylinux2014_aarch64.whl", hash = "sha256:ab4c1ec69fd7719fb1356e2ade7bd2b5a63d6f0eaf5a90fdc5c9f6145f0474ce"},
    {file = "jq-1.10.0-cp313-cp313-manylinux_2_17_x86_64.manylinux2014_x86_64.whl", hash = "sha256:fd24dc21c8afcbe5aa812878251cfafa6f1dc6e1126c35d460cc7e67eb331018"},
    {file = "jq-1.10.0-cp313-cp313-manylinux_2_5_i686.manylinux1_i686.manylinux_2_17_i686.manylinux2014_i686.whl", hash = "sha256:8c0d3e89cd239c340c3a54e145ddf52fe63de31866cb73368d22a66bfe7e823f"},
    {file = "jq-1.10.0-cp313-cp313-musllinux_1_2_aarch64.whl", hash = "sha256:76710b280e4c464395c3d8e656b849e2704bd06e950a4ebd767860572bbf67df"},
    {file = "jq-1.10.0-cp313-cp313-musllinux_1_2_i686.whl", hash = "sha256:b11a56f1fb6e2985fd3627dbd8a0637f62b1a704f7b19705733d461dafa26429"},
    {file = "jq-1.10.0-cp313-cp313-musllinux_1_2_x86_64.whl", hash = "sha256:ac05ae44d9aa1e462329e1510e0b5139ac4446de650c7bdfdab226aafdc978ec"},
    {file = "jq-1.10.0-cp313-cp313-win32.whl", hash = "sha256:0bad90f5734e2fc9d09c4116ae9102c357a4d75efa60a85758b0ba633774eddb"},
    {file = "jq-1.10.0-cp313-cp313-win_amd64.whl", hash = "sha256:4ec3fbca80a9dfb5349cdc2531faf14dd832e1847499513cf1fc477bcf46a479"},
    {file = "jq-1.10.0-cp38-cp38-macosx_10_9_x86_64.whl", hash = "sha256:09e6ca3095a3be59353a262c75f680a0934ac03e81d10b78d7eabcb9fb746543"},
    {file = "jq-1.10.0-cp38-cp38-manylinux_2_17_aarch64.manylinux2014_aarch64.whl", hash = "sha256:57e7b81b69700ad6003f6d068ae5432fa54169e2c5b15a1f9073400d83c0115a"},
    {file = "jq-1.10.0-cp38-cp38-manylinux_2_17_x86_64.manylinux2014_x86_64.whl", hash = "sha256:36a959b8cff3796b42f51a0be5fa37126ee66fc822e29620485a229f6c9baec6"},
    {file = "jq-1.10.0-cp38-cp38-manylinux_2_5_i686.manylinux1_i686.manylinux_2_17_i686.manylinux2014_i686.whl", hash = "sha256:f44bd6b9d03367a9e8a3f8f5c8343b572fbec9d148242f226e2a6f2eb459ba2b"},
    {file = "jq-1.10.0-cp38-cp38-musllinux_1_2_aarch64.whl", hash = "sha256:48fb2cfe083942e370876e865fad3836aedc1b06ef30a2376e53ab35d6a7f728"},
    {file = "jq-1.10.0-cp38-cp38-musllinux_1_2_i686.whl", hash = "sha256:d47fe013dc22c82b425ae5358729a3d38de4097dda28d63f591c8bdd97bae6cb"},
    {file = "jq-1.10.0-cp38-cp38-musllinux_1_2_x86_64.whl", hash = "sha256:2886606f40f2127ed4bea2aa2d30653d485ed26075dd5b52fb933aa7ec7b23d3"},
    {file = "jq-1.10.0-cp38-cp38-win32.whl", hash = "sha256:f1f277fd820246f0d80da2ddd39b6d5ea99b266c067abce34f1ff50bd3358477"},
    {file = "jq-1.10.0-cp38-cp38-win_amd64.whl", hash = "sha256:ab050dc7a6c204dde3a3d28e340f937e00cf69c8d3f7dd17e8c3ffef916784df"},
    {file = "jq-1.10.0-cp39-cp39-macosx_10_9_x86_64.whl", hash = "sha256:db746ec4f05a6622bca5785f58fa322f04c493de61c6761cbe5a61218babe3d9"},
    {file = "jq-1.10.0-cp39-cp39-macosx_11_0_arm64.whl", hash = "sha256:bb9a6b5ff1e9d261ffae51aefbc66660bc1f5713339943aa95af7631062be163"},
    {file = "jq-1.10.0-cp39-cp39-manylinux_2_17_aarch64.manylinux2014_aarch64.whl", hash = "sha256:6690eda99a5be16f28c6931918769af0c2d066257d4efedc7c4108cfbf4e242f"},
    {file = "jq-1.10.0-cp39-cp39-manylinux_2_17_x86_64.manylinux2014_x86_64.whl", hash = "sha256:3f4b28f04bb69eadb99c7ba3911246e6a200a886d82ae190a0af95037c427de6"},
    {file = "jq-1.10.0-cp39-cp39-manylinux_2_5_i686.manylinux1_i686.manylinux_2_17_i686.manylinux2014_i686.whl", hash = "sha256:d7278f1dfc49387551e670133b363a3368eeac74672dd4b520b7da4f8e803058"},
    {file = "jq-1.10.0-cp39-cp39-musllinux_1_2_aarch64.whl", hash = "sha256:28c16ca90940dfb8a2bd28b2d02cb2a546faa91db5b03f2cb71148b158fc098c"},
    {file = "jq-1.10.0-cp39-cp39-musllinux_1_2_i686.whl", hash = "sha256:f700d2aa1ef2b58c33df0a06ba58e68196cc9f81d1b6eb6baaa34e81fc0dbe6d"},
    {file = "jq-1.10.0-cp39-cp39-musllinux_1_2_x86_64.whl", hash = "sha256:cf18f3031da9727245529e16ad13ab8859d73cfe0bc0e09a79696038658c25d5"},
    {file = "jq-1.10.0-cp39-cp39-win32.whl", hash = "sha256:31753d5b45b1806d1d7241a45cb262b1f3db8c0f1f4c618d5a02cbe227d2c436"},
    {file = "jq-1.10.0-cp39-cp39-win_amd64.whl", hash = "sha256:c4648684034ba5b975be9b0099ca230ef088c14eeffb3357b522d9cba02a05ea"},
    {file = "jq-1.10.0-pp310-pypy310_pp73-macosx_10_15_x86_64.whl", hash = "sha256:591d81677336551fd9cf3b5e23c1929ae3cd039a5c2d5fb8042870ed5372fd8c"},
    {file = "jq-1.10.0-pp310-pypy310_pp73-macosx_11_0_arm64.whl", hash = "sha256:f7f68716e8533294d2f5152e8659288091ea705778a00e066ed3b418ed724d81"},
    {file = "jq-1.10.0-pp310-pypy310_pp73-manylinux_2_17_aarch64.manylinux2014_aarch64.whl", hash = "sha256:72658f31d5723e7b87eea929e81d5083fd4132636a9dcdbf56ba9ea0e30ecaa3"},
    {file = "jq-1.10.0-pp310-pypy310_pp73-manylinux_2_17_x86_64.manylinux2014_x86_64.whl", hash = "sha256:039e84e19306f94bf0d15291f6d358c4086c702de48e2309c3183fd866bf2785"},
    {file = "jq-1.10.0-pp310-pypy310_pp73-manylinux_2_5_i686.manylinux1_i686.manylinux_2_17_i686.manylinux2014_i686.whl", hash = "sha256:e985ded6dc2105707cb04e98ca6acbe6c24614824ed0a2fae442d2b2bc78fbc4"},
    {file = "jq-1.10.0-pp311-pypy311_pp73-macosx_10_15_x86_64.whl", hash = "sha256:185d450fb45cd44ad5939ec5813f1ed0d057fa0cb12a1ba6a5fe0e49d8354958"},
    {file = "jq-1.10.0-pp311-pypy311_pp73-macosx_11_0_arm64.whl", hash = "sha256:5e6649eb4ce390342e07c95c2fa10fed043410408620296122f0ac48a7576f1f"},
    {file = "jq-1.10.0-pp311-pypy311_pp73-manylinux_2_17_aarch64.manylinux2014_aarch64.whl", hash = "sha256:002d93e50fab9d92035dfd79fd134052692be649e1b3835662a053016d9f2ee7"},
    {file = "jq-1.10.0-pp311-pypy311_pp73-manylinux_2_17_x86_64.manylinux2014_x86_64.whl", hash = "sha256:1602f95ffaef7ee357b65f414b59d6284619bd3a0a588c15c3a1ae534811c1fb"},
    {file = "jq-1.10.0-pp311-pypy311_pp73-manylinux_2_5_i686.manylinux1_i686.manylinux_2_17_i686.manylinux2014_i686.whl", hash = "sha256:4b28cfd1eac69e1dc14518ed9c33e497041e9f9310e5f6259fa9d18fe342fb50"},
    {file = "jq-1.10.0-pp38-pypy38_pp73-macosx_11_0_arm64.whl", hash = "sha256:061225bc6b45b399f4dfbece00f4fae78560c1d4e0f2af77203dde621c5f10be"},
    {file = "jq-1.10.0-pp39-pypy39_pp73-macosx_10_15_x86_64.whl", hash = "sha256:5dba7abfe55efe3f139247a30e1f13e94f33fddfea71245a18a817b619cb9fe9"},
    {file = "jq-1.10.0-pp39-pypy39_pp73-macosx_11_0_arm64.whl", hash = "sha256:c6f45acaad61c1947bf2fa172a2ccb2e882231c3cfbfc1ea4a2c4f032122a546"},
    {file = "jq-1.10.0-pp39-pypy39_pp73-manylinux_2_17_aarch64.manylinux2014_aarch64.whl", hash = "sha256:16c250cd0a708d45b9bb08fdf4cac415156274f7f3f8f026e75b5a330d2162dd"},
    {file = "jq-1.10.0-pp39-pypy39_pp73-manylinux_2_17_x86_64.manylinux2014_x86_64.whl", hash = "sha256:593551afc5f305c7d0adc840587350cb49c4ecba6464f4fc965cae87758621a7"},
    {file = "jq-1.10.0-pp39-pypy39_pp73-manylinux_2_5_i686.manylinux1_i686.manylinux_2_17_i686.manylinux2014_i686.whl", hash = "sha256:c550705145480b616b6bc114ab7f421c0d9a3041ad3dcb9424f992954823f7c2"},
    {file = "jq-1.10.0.tar.gz", hash = "sha256:fc38803075dbf1867e1b4ed268fef501feecb0c50f3555985a500faedfa70f08"},
]

[[package]]
name = "pyyaml"
version = "6.0.3"
description = "YAML parser and emitter for Python"
optional = false
python-versions = ">=3.8"
files = [
    {file = "PyYAML-6.0.3-cp38-cp38-macosx_10_13_x86_64.whl", hash = "sha256:c2514fceb77bc5e7a2f7adfaa1feb2fb311607c9cb518dbc378688ec73d8292f"},
    {file = "PyYAML-6.0.3-cp38-cp38-manylinux2014_aarch64.manylinux_2_17_aarch64.manylinux_2_28_aarch64.whl", hash = "sha256:9c57bb8c96f6d1808c030b1687b9b5fb476abaa47f0db9c0101f5e9f394e97f4"},
    {file = "PyYAML-6.0.3-cp38-cp38-manylinux2014_s390x.manylinux_2_17_s390x.manylinux_2_28_s390x.whl", hash = "sha256:efd7b85f94a6f21e4932043973a7ba2613b059c4a000551892ac9f1d11f5baf3"},
    {file = "PyYAML-6.0.3-cp38-cp38-manylinux2014_x86_64.manylinux_2_17_x86_64.manylinux_2_28_x86_64.whl", hash = "sha256:22ba7cfcad58ef3ecddc7ed1db3409af68d023b7f940da23c6c2a1890976eda6"},
    {file = "PyYAML-6.0.3-cp38-cp38-musllinux_1_2_x86_64.whl", hash = "sha256:6344df0d5755a2c9a276d4473ae6b90647e216ab4757f8426893b5dd2ac3f369"},
    {file = "PyYAML-6.0.3-cp38-cp38-win32.whl", hash = "sha256:3ff07ec89bae51176c0549bc4c63aa6202991da2d9a6129d7aef7f1407d3f295"},
    {file = "PyYAML-6.0.3-cp38-cp38-win_amd64.whl", hash = "sha256:5cf4e27da7e3fbed4d6c3d8e797387aaad68102272f8f9752883bc32d61cb87b"},
    {file = "pyyaml-6.0.3-cp310-cp310-macosx_10_13_x86_64.whl", hash = "sha256:214ed4befebe12df36bcc8bc2b64b396ca31be9304b8f59e25c11cf94a4c033b"},
    {file = "pyyaml-6.0.3-cp310-cp310-macosx_11_0_arm64.whl", hash = "sha256:02ea2dfa234451bbb8772601d7b8e426c2bfa197136796224e50e35a78777956"},
    {file = "pyyaml-6.0.3-cp310-cp310-manylinux2014_aarch64.manylinux_2_17_aarch64.manylinux_2_28_aarch64.whl", hash = "sha256:b30236e45cf30d2b8e7b3e85881719e98507abed1011bf463a8fa23e9c3e98a8"},
    {file = "pyyaml-6.0.3-cp310-cp310-manylinux2014_s390x.manylinux_2_17_s390x.manylinux_2_28_s390x.whl", hash = "sha256:66291b10affd76d76f54fad28e22e51719ef9ba22b29e1d7d03d6777a9174198"},
    {file = "pyyaml-6.0.3-cp310-cp310-manylinux2014_x86_64.manylinux_2_17_x86_64.manylinux_2_28_x86_64.whl", hash = "sha256:9c7708761fccb9397fe64bbc0395abcae8c4bf7b0eac081e12b809bf47700d0b"},
    {file = "pyyaml-6.0.3-cp310-cp310-musllinux_1_2_aarch64.whl", hash = "sha256:418cf3f2111bc80e0933b2cd8cd04f286338bb88bdc7bc8e6dd775ebde60b5e0"},
    {file = "pyyaml-6.0.3-cp310-cp310-musllinux_1_2_x86_64.whl", hash = "sha256:5e0b74767e5f8c593e8c9b5912019159ed0533c70051e9cce3e8b6aa699fcd69"},
    {file = "pyyaml-6.0.3-cp310-cp310-win32.whl", hash = "sha256:28c8d926f98f432f88adc23edf2e6d4921ac26fb084b028c733d01868d19007e"},
    {file = "pyyaml-6.0.3-cp310-cp310-win_amd64.whl", hash = "sha256:bdb2c67c6c1390b63c6ff89f210c8fd09d9a1217a465701eac7316313c915e4c"},
    {file = "pyyaml-6.0.3-cp311-cp311-macosx_10_13_x86_64.whl", hash = "sha256:44edc647873928551a01e7a563d7452ccdebee747728c1080d881d68af7b997e"},
    {file = "pyyaml-6.0.3-cp311-cp311-macosx_11_0_arm64.whl", hash = "sha256:652cb6edd41e718550aad172851962662ff2681490a8a711af6a4d288dd96824"},
    {file = "pyyaml-6.0.3-cp311-cp311-manylinux2014_aarch64.manylinux_2_17_aarch64.manylinux_2_28_aarch64.whl", hash = "sha256:10892704fc220243f5305762e276552a0395f7beb4dbf9b14ec8fd43b57f126c"},
    {file = "pyyaml-6.0.3-cp311-cp311-manylinux2014_s390x.manylinux_2_17_s390x.manylinux_2_28_s390x.whl", hash = "sha256:850774a7879607d3a6f50d36d04f00ee69e7fc816450e5f7e58d7f17f1ae5c00"},
    {file = "pyyaml-6.0.3-cp311-cp311-manylinux2014_x86_64.manylinux_2_17_x86_64.manylinux_2_28_x86_64.whl", hash = "sha256:b8bb0864c5a28024fac8a632c443c87c5aa6f215c0b126c449ae1a150412f31d"},
    {file = "pyyaml-6.0.3-cp311-cp311-musllinux_1_2_aarch64.whl", hash = "sha256:1d37d57ad971609cf3c53ba6a7e365e40660e3be0e5175fa9f2365a379d6095a"},
    {file = "pyyaml-6.0.3-cp311-cp311-musllinux_1_2_x86_64.whl", hash = "sha256:37503bfbfc9d2c40b344d06b2199cf0e96e97957ab1c1b546fd4f87e53e5d3e4"},
    {file = "pyyaml-6.0.3-cp311-cp311-win32.whl", hash = "sha256:8098f252adfa6c80ab48096053f512f2321f0b998f98150cea9bd23d83e1467b"},
    {file = "pyyaml-6.0.3-cp311-cp311-win_amd64.whl", hash = "sha256:9f3bfb4965eb874431221a3ff3fdcddc7e74e3b07799e0e84ca4a0f867d449bf"},
    {file = "pyyaml-6.0.3-cp312-cp312-macosx_10_13_x86_64.whl", hash = "sha256:7f047e29dcae44602496db43be01ad42fc6f1cc0d8cd6c83d342306c32270196"},
    {file = "pyyaml-6.0.3-cp312-cp312-macosx_11_0_arm64.whl", hash = "sha256:fc09d0aa354569bc501d4e787133afc08552722d3ab34836a80547331bb5d4a0"},
    {file = "pyyaml-6.0.3-cp312-cp312-manylinux2014_aarch64.manylinux_2_17_aarch64.manylinux_2_28_aarch64.whl", hash = "sha256:9149cad251584d5fb4981be1ecde53a1ca46c891a79788c0df828d2f166bda28"},
    {file = "pyyaml-6.0.3-cp312-cp312-manylinux2014_s390x.manylinux_2_17_s390x.manylinux_2_28_s390x.whl", hash = "sha256:5fdec68f91a0c6739b380c83b951e2c72ac0197ace422360e6d5a959d8d97b2c"},
    {file = "pyyaml-6.0.3-cp312-cp312-manylinux2014_x86_64.manylinux_2_17_x86_64.manylinux_2_28_x86_64.whl", hash = "sha256:ba1cc08a7ccde2d2ec775841541641e4548226580ab850948cbfda66a1befcdc"},
    {file = "pyyaml-6.0.3-cp312-cp312-musllinux_1_2_aarch64.whl", hash = "sha256:8dc52c23056b9ddd46818a57b78404882310fb473d63f17b07d5c40421e47f8e"},
    {file = "pyyaml-6.0.3-cp312-cp312-musllinux_1_2_x86_64.whl", hash = "sha256:41715c910c881bc081f1e8872880d3c650acf13dfa8214bad49ed4cede7c34ea"},
    {file = "pyyaml-6.0.3-cp312-cp312-win32.whl", hash = "sha256:96b533f0e99f6579b3d4d4995707cf36df9100d67e0c8303a0c55b27b5f99bc5"},
    {file = "pyyaml-6.0.3-cp312-cp312-win_amd64.whl", hash = "sha256:5fcd34e47f6e0b794d17de1b4ff496c00986e1c83f7ab2fb8fcfe9616ff7477b"},
    {file = "pyyaml-6.0.3-cp312-cp312-win_arm64.whl", hash = "sha256:64386e5e707d03a7e172c0701abfb7e10f0fb753ee1d773128192742712a98fd"},
    {file = "pyyaml-6.0.3-cp313-cp313-macosx_10_13_x86_64.whl", hash = "sha256:8da9669d359f02c0b91ccc01cac4a67f16afec0dac22c2ad09f46bee0697eba8"},
    {file = "pyyaml-6.0.3-cp313-cp313-macosx_11_0_arm64.whl", hash = "sha256:2283a07e2c21a2aa78d9c4442724ec1eb15f5e42a723b99cb3d822d48f5f7ad1"},
    {file = "pyyaml-6.0.3-cp313-cp313-manylinux2014_aarch64.manylinux_2_17_aarch64.manylinux_2_28_aarch64.whl", hash = "sha256:ee2922902c45ae8ccada2c5b501ab86c36525b883eff4255313a253a3160861c"},
    {file = "pyyaml-6.0.3-cp313-cp313-manylinux2014_s390x.manylinux_2_17_s390x.manylinux_2_28_s390x.whl", hash = "sha256:a33284e20b78bd4a18c8c2282d549d10bc8408a2a7ff57653c0cf0b9be0afce5"},
    {file = "pyyaml-6.0.3-cp313-cp313-manylinux2014_x86_64.manylinux_2_17_x86_64.manylinux_2_28_x86_64.whl", hash = "sha256:0f29edc409a6392443abf94b9cf89ce99889a1dd5376d94316ae5145dfedd5d6"},
    {file = "pyyaml-6.0.3-cp313-cp313-musllinux_1_2_aarch64.whl", hash = "sha256:f7057c9a337546edc7973c0d3ba84ddcdf0daa14533c2065749c9075001090e6"},
    {file = "pyyaml-6.0.3-cp313-cp313-musllinux_1_2_x86_64.whl", hash = "sha256:eda16858a3cab07b80edaf74336ece1f986ba330fdb8ee0d6c0d68fe82bc96be"},
    {file = "pyyaml-6.0.3-cp313-cp313-win32.whl", hash = "sha256:d0eae10f8159e8fdad514efdc92d74fd8d682c933a6dd088030f3834bc8e6b26"},
    {file = "pyyaml-6.0.3-cp313-cp313-win_amd64.whl", hash = "sha256:79005a0d97d5ddabfeeea4cf676af11e647e41d81c9a7722a193022accdb6b7c"},
    {file = "pyyaml-6.0.3-cp313-cp313-win_arm64.whl", hash = "sha256:5498cd1645aa724a7c71c8f378eb29ebe23da2fc0d7a08071d89469bf1d2defb"},
    {file = "pyyaml-6.0.3-cp314-cp314-macosx_10_13_x86_64.whl", hash = "sha256:8d1fab6bb153a416f9aeb4b8763bc0f22a5586065f86f7664fc23339fc1c1fac"},
    {file = "pyyaml-6.0.3-cp314-cp314-macosx_11_0_arm64.whl", hash = "sha256:34d5fcd24b8445fadc33f9cf348c1047101756fd760b4dacb5c3e99755703310"},
    {file = "pyyaml-6.0.3-cp314-cp314-manylinux2014_aarch64.manylinux_2_17_aarch64.manylinux_2_28_aarch64.whl", hash = "sha256:501a031947e3a9025ed4405a168e6ef5ae3126c59f90ce0cd6f2bfc477be31b7"},
    {file = "pyyaml-6.0.3-cp314-cp314-manylinux2014_s390x.manylinux_2_17_s390x.manylinux_2_28_s390x.whl", hash = "sha256:b3bc83488de33889877a0f2543ade9f70c67d66d9ebb4ac959502e12de895788"},
    {file = "pyyaml-6.0.3-cp314-cp314-manylinux2014_x86_64.manylinux_2_17_x86_64.manylinux_2_28_x86_64.whl", hash = "sha256:c458b6d084f9b935061bc36216e8a69a7e293a2f1e68bf956dcd9e6cbcd143f5"},
    {file = "pyyaml-6.0.3-cp314-cp314-musllinux_1_2_aarch64.whl", hash = "sha256:7c6610def4f163542a622a73fb39f534f8c101d690126992300bf3207eab9764"},
    {file = "pyyaml-6.0.3-cp314-cp314-musllinux_1_2_x86_64.whl", hash = "sha256:5190d403f121660ce8d1d2c1bb2ef1bd05b5f68533fc5c2ea899bd15f4399b35"},
    {file = "pyyaml-6.0.3-cp314-cp314-win_amd64.whl", hash = "sha256:4a2e8cebe2ff6ab7d1050ecd59c25d4c8bd7e6f400f5f82b96557ac0abafd0ac"},
    {file = "pyyaml-6.0.3-cp314-cp314-win_arm64.whl", hash = "sha256:93dda82c9c22deb0a405ea4dc5f2d0cda384168e466364dec6255b293923b2f3"},
    {file = "pyyaml-6.0.3-cp314-cp314t-macosx_10_13_x86_64.whl", hash = "sha256:02893d100e99e03eda1c8fd5c441d8c60103fd175728e23e431db1b589cf5ab3"},
    {file = "pyyaml-6.0.3-cp314-cp314t-macosx_11_0_arm64.whl", hash = "sha256:c1ff362665ae507275af2853520967820d9124984e0f7466736aea23d8611fba"},
    {file = "pyyaml-6.0.3-cp314-cp314t-manylinux2014_aarch64.manylinux_2_17_aarch64.manylinux_2_28_aarch64.whl", hash = "sha256:6adc77889b628398debc7b65c073bcb99c4a0237b248cacaf3fe8a557563ef6c"},
    {file = "pyyaml-6.0.3-cp314-cp314t-manylinux2014_s390x.manylinux_2_17_s390x.manylinux_2_28_s390x.whl", hash = "sha256:a80cb027f6b349846a3bf6d73b5e95e782175e52f22108cfa17876aaeff93702"},
    {file = "pyyaml-6.0.3-cp314-cp314t-manylinux2014_x86_64.manylinux_2_17_x86_64.manylinux_2_28_x86_64.whl", hash = "sha256:00c4bdeba853cc34e7dd471f16b4114f4162dc03e6b7afcc2128711f0eca823c"},
    {file = "pyyaml-6.0.3-cp314-cp314t-musllinux_1_2_aarch64.whl", hash = "sha256:66e1674c3ef6f541c35191caae2d429b967b99e02040f5ba928632d9a7f0f065"},
    {file = "pyyaml-6.0.3-cp314-cp314t-musllinux_1_2_x86_64.whl", hash = "sha256:16249ee61e95f858e83976573de0f5b2893b3677ba71c9dd36b9cf8be9ac6d65"},
    {file = "pyyaml-6.0.3-cp314-cp314t-win_amd64.whl", hash = "sha256:4ad1906908f2f5ae4e5a8ddfce73c320c2a1429ec52eafd27138b7f1cbe341c9"},
    {file = "pyyaml-6.0.3-cp314-cp314t-win_arm64.whl", hash = "sha256:ebc55a14a21cb14062aa4162f906cd962b28e2e9ea38f9b4391244cd8de4ae0b"},
    {file = "pyyaml-6.0.3-cp39-cp39-macosx_10_13_x86_64.whl", hash = "sha256:b865addae83924361678b652338317d1bd7e79b1f4596f96b96c77a5a34b34da"},
    {file = "pyyaml-6.0.3-cp39-cp39-macosx_11_0_arm64.whl", hash = "sha256:c3355370a2c156cffb25e876646f149d5d68f5e0a3ce86a5084dd0b64a994917"},
    {file = "pyyaml-6.0.3-cp39-cp39-manylinux2014_aarch64.manylinux_2_17_aarch64.manylinux_2_28_aarch64.whl", hash = "sha256:3c5677e12444c15717b902a5798264fa7909e41153cdf9ef7ad571b704a63dd9"},
    {file = "pyyaml-6.0.3-cp39-cp39-manylinux2014_s390x.manylinux_2_17_s390x.manylinux_2_28_s390x.whl", hash = "sha256:5ed875a24292240029e4483f9d4a4b8a1ae08843b9c54f43fcc11e404532a8a5"},
    {file = "pyyaml-6.0.3-cp39-cp39-manylinux2014_x86_64.manylinux_2_17_x86_64.manylinux_2_28_x86_64.whl", hash = "sha256:0150219816b6a1fa26fb4699fb7daa9caf09eb1999f3b70fb6e786805e80375a"},
    {file = "pyyaml-6.0.3-cp39-cp39-musllinux_1_2_aarch64.whl", hash = "sha256:fa160448684b4e94d80416c0fa4aac48967a969efe22931448d853ada8baf926"},
    {file = "pyyaml-6.0.3-cp39-cp39-musllinux_1_2_x86_64.whl", hash = "sha256:27c0abcb4a5dac13684a37f76e701e054692a9b2d3064b70f5e4eb54810553d7"},
    {file = "pyyaml-6.0.3-cp39-cp39-win32.whl", hash = "sha256:1ebe39cb5fc479422b83de611d14e2c0d3bb2a18bbcb01f229ab3cfbd8fee7a0"},
    {file = "pyyaml-6.0.3-cp39-cp39-win_amd64.whl", hash = "sha256:2e71d11abed7344e42a8849600193d15b6def118602c4c176f748e4583246007"},
    {file = "pyyaml-6.0.3.tar.gz", hash = "sha256:d76623373421df22fb4cf8817020cbb7ef15c725b9d5e45f17e189bfc384190f"},
]

[metadata]
lock-version = "2.0"
python-versions = "^3.8"
content-hash = "c53c5a3468d1c23678663fe44457b62e5cef49fde7df352d96e4fea9d220cb8e"
