# This file is automatically @generated by Poetry 2.2.1 and should not be changed by hand.

[[package]]
name = "jq"
version = "1.11.0"
description = "jq is a lightweight and flexible JSON processor."
optional = false
python-versions = ">=3.8"
groups = ["dev"]
files = [
    {file = "jq-1.11.0-cp310-cp310-macosx_10_9_x86_64.whl", hash = "sha256:04376071111798aa007f74196eb251fd9e008080412d81ba0f5042fdf75a2685"},
    {file = "jq-1.11.0-cp310-cp310-macosx_11_0_arm64.whl", hash = "sha256:5f298e21cdaddae7de3ec67742535c3e30acd800016aaee2f9521f77b4918094"},
    {file = "jq-1.11.0-cp310-cp310-manylinux_2_24_aarch64.manylinux_2_28_aarch64.whl", hash = "sha256:62561f673be573e17fb80ff95ad428d17f55d29546f6c44ffa04edaccd68212f"},
    {file = "jq-1.11.0-cp310-cp310-manylinux_2_24_x86_64.manylinux_2_28_x86_64.whl", hash = "sha256:e63630a51a01d8a8d587cbfa5a34544d7aa7a49d5d14bb8206e6e435d18af935"},
    {file = "jq-1.11.0-cp310-cp310-musllinux_1_2_aarch64.whl", hash = "sha256:1e674aff383d7969645b97ec77fa49b774e129dbc203be04f88b2dac1bb390cd"},
    {file = "jq-1.11.0-cp310-cp310-musllinux_1_2_x86_64.whl", hash = "sha256:669feef2326865a964e0b156f83e6608e8d7011462f773339198b4b1882fd05c"},
    {file = "jq-1.11.0-cp310-cp310-win_amd64.whl", hash = "sha256:8b56408bbe7d19e6ad3f1ba34fd70b3a2269b5acb322651e1262c9632e9e2a01"},
    {file = "jq-1.11.0-cp311-cp311-macosx_10_9_x86_64.whl", hash = "sha256:fe1c5facefd0f1197fb95cda8f31195487f431e4c4699cb0cb207efc47553504"},
    {file = "jq-1.11.0-cp311-cp311-macosx_11_0_arm64.whl", hash = "sha256:e8f4f1fd9fd85416d978e4e0d8e3fb7603bdb7da87f5cd6dc5e94047b75a4813"},
    {file = "jq-1.11.0-cp311-cp311-manylinux_2_24_aarch64.manylinux_2_28_aarch64.whl", hash = "sha256:8bb8d244a6b11140c0908affbad621485788500d4236cf7c09b6f0087e991815"},
    {file = "jq-1.11.0-cp311-cp311-manylinux_2_24_x86_64.manylinux_2_28_x86_64.whl", hash = "sha256:17755df4b65ad9f9021c43b90a04c02f771b32b8c429a0e7ff160a13229f787e"},
    {file = "jq-1.11.0-cp311-cp311-musllinux_1_2_aarch64.whl", hash = "sha256:7a8d080c00b5fc66bb9ee2876402b978b84a7108526b4c9affd704813a2add78"},
    {file = "jq-1.11.0-cp311-cp311-musllinux_1_2_x86_64.whl", hash = "sha256:06819d14f18187379959f0ac5fdd1bcf7f452d84623a2945d7ed1d1ceeba8499"},
    {file = "jq-1.11.0-cp311-cp311-win_amd64.whl", hash = "sha256:c463edd4f45ff3e1923766a0c582a8e955bd889dd756e0ac6392d28f5ca144db"},
    {file = "jq-1.11.0-cp312-cp312-macosx_10_13_x86_64.whl", hash = "sha256:d63c4437f256edb6c204481181d19e3e33f24781b1bfbab2db589af574567bed"},
    {file = "jq-1.11.0-cp312-cp312-macosx_11_0_arm64.whl", hash = "sha256:0db188d73f2b6ad4e4f62653b2a4ea06dd99b790cc9a8aba6b617d9d0806aee0"},
    {file = "jq-1.11.0-cp312-cp312-manylinux_2_24_aarch64.manylinux_2_28_aarch64.whl", hash = "sha256:4a6d0cde00e6da44f49772c5f77b0efa1d11d5866b2af923fd94e2ffbdfae89c"},
    {file = "jq-1.11.0-cp312-cp312-manylinux_2_24_x86_64.manylinux_2_28_x86_64.whl", hash = "sha256:40489d775f77d9d8b4ec1f3ab1e977415e003c5065ad3befbe61ae80810bc381"},
    {file = "jq-1.11.0-cp312-cp312-musllinux_1_2_aarch64.whl", hash = "sha256:d2ac5087d6d16929cf0f9918ed83b3d4c5d765bd160d3af125131bb124001d3a"},
    {file = "jq-1.11.0-cp312-cp312-musllinux_1_2_x86_64.whl", hash = "sha256:a8a67a52445535edffe10733b9da493134bfbf354acdbeb29d9ef28fd39938ac"},
    {file = "jq-1.11.0-cp312-cp312-win_amd64.whl", hash = "sha256:824a295e62802a67a21f13e4b2d32a24ff5849f7bd435b042e68a9c598c8e778"},
    {file = "jq-1.11.0-cp313-cp313-macosx_10_13_x86_64.whl", hash = "sha256:9aba6e4a4e66a8d55f45137c7039dd56a65ad95ef4c1c1c208190971966429b9"},
    {file = "jq-1.11.0-cp313-cp313-macosx_11_0_arm64.whl", hash = "sha256:5295d6d2a6c1de53f9ca1cd3211f5728e20c0be1e6456486a9e6b6016102e173"},
    {file = "jq-1.11.0-cp313-cp313-manylinux_2_24_aarch64.manylinux_2_28_aarch64.whl", hash = "sha256:e04a8c3b0b4d78cab658ec8cd1b34f7c9a711355ff6d8aa01a3b24955b3eb531"},
    {file = "jq-1.11.0-cp313-cp313-manylinux_2_24_x86_64.manylinux_2_28_x86_64.whl", hash = "sha256:5e08573ee9a5448166f1e8f068ce05fba21db15adcebbaf2472729d36ec92a1e"},
    {file = "jq-1.11.0-cp313-cp313-musllinux_1_2_aarch64.whl", hash = "sha256:cd4376b62fc18e8c3f5334f388f92a48b148cf755610ad44d22958a41edcbc8d"},
    {file = "jq-1.11.0-cp313-cp313-musllinux_1_2_x86_64.whl", hash = "sha256:680edbd5838fb04539469e39e3e147ae3890b90af3e727d6028e370f8a202b1c"},
    {file = "jq-1.11.0-cp313-cp313-win_amd64.whl", hash = "sha256:54f896e878c89cef4c05aff53f822de62a08e91d08bad7cbf4f7e91b7a06a460"},
    {file = "jq-1.11.0-cp314-cp314-macosx_10_15_x86_64.whl", hash = "sha256:07100bc8338f4030c12fb87816f2f04d4cac78363152dbb8f8cb12fcb3dbbd5f"},
    {file = "jq-1.11.0-cp314-cp314-macosx_11_0_arm64.whl", hash = "sha256:7051d8443d36e0df151fd509a34dff8c03bb8c99a0224b25a784920ea5059689"},
    {file = "jq-1.11.0-cp314-cp314-manylinux_2_24_aarch64.manylinux_2_28_aarch64.whl", hash = "sha256:87fec2d61b50ef1b9aaae8de78593a689504c22ec9933a02de202d407b74424c"},
    {file = "jq-1.11.0-cp314-cp314-manylinux_2_24_x86_64.manylinux_2_28_x86_64.whl", hash = "sha256:40ee2639e5ff8af74651a6531d79309871ccb722aa4ad28b35f53bdc504d41f7"},
    {file = "jq-1.11.0-cp314-cp314-musllinux_1_2_aarch64.whl", hash = "sha256:9ecaa3193e11ade477eed608e017354f1d9ef66b97e7fe94575a579aee9b394b"},
    {file = "jq-1.11.0-cp314-cp314-musllinux_1_2_x86_64.whl", hash = "sha256:05c9520b89e2fc99ac397b67ba5672897671c0116b397707cfbc1f8da8722f5a"},
    {file = "jq-1.11.0-cp314-cp314-win_amd64.whl", hash = "sha256:00ee063b24bb3cc721d6dd92ac05ef2882096c7a9f50972959ef4655486d7a69"},
    {file = "jq-1.11.0-cp314-cp314t-macosx_10_15_x86_64.whl", hash = "sha256:c4c769ee81de2d799856868bf3bdb1a835e0fb26a62f67a5d8d6ab5392b6e7fa"},
    {file = "jq-1.11.0-cp314-cp314t-macosx_11_0_arm64.whl", hash = "sha256:f6857f2770d1afb8a202f9b6702a7f099cf4052d820f76d01c59dfc6e44d4709"},
    {file = "jq-1.11.0-cp314-cp314t-manylinux_2_24_aarch64.manylinux_2_28_aarch64.whl", hash = "sha256:b0f6287977012657776f85fa15ca3c072974ded3d98a3400a765c49e84dfb16e"},
    {file = "jq-1.11.0-cp314-cp314t-manylinux_2_24_x86_64.manylinux_2_28_x86_64.whl", hash = "sha256:7cf7f44b346c4494be880d3f07c1c72ff56066714b2f8ae2400009afdbdb4adc"},
    {file = "jq-1.11.0-cp314-cp314t-musllinux_1_2_aarch64.whl", hash = "sha256:e46494407cb074d2ffc35337cbe841686aa42f3d1a49901fab3571b55c2e2463"},
    {file = "jq-1.11.0-cp314-cp314t-musllinux_1_2_x86_64.whl", hash = "sha256:2bea91038d8ea749c54cc06f916afe07a2dbfa05817f3945f89efa75e3dd9517"},
    {file = "jq-1.11.0-cp314-cp314t-win_amd64.whl", hash = "sha256:219ff02280ee55d2a57c0519b1b122003e538975e30522c21372d6df74b12317"},
    {file = "jq-1.11.0-cp38-cp38-macosx_10_9_x86_64.whl", hash = "sha256:cd04536e250e9f9e123356b56d07e3320adfeffed166b8d6532d9f265f9ebcd2"},
    {file = "jq-1.11.0-cp38-cp38-manylinux_2_24_aarch64.manylinux_2_28_aarch64.whl", hash = "sha256:42e65a38ce2ce3f8b5fc522b5d1e09351886a09026daa9e4ab6c258f0739b94b"},
    {file = "jq-1.11.0-cp38-cp38-manylinux_2_24_x86_64.manylinux_2_28_x86_64.whl", hash = "sha256:e10f635d594a7ebec56175c51deaadce94dd506b1c97d6f6ae0a6c3322b804c8"},
    {file = "jq-1.11.0-cp38-cp38-musllinux_1_2_aarch64.whl", hash = "sha256:b18cda2f5a51ea7455beef19db604c6c5943ca9b994bd63d4a77ebb3db19dfec"},
    {file = "jq-1.11.0-cp38-cp38-musllinux_1_2_x86_64.whl", hash = "sha256:610b51ea8a19275a22b290e419d665711f9b4e373602309f5fbdb2b507ad7050"},
    {file = "jq-1.11.0-cp38-cp38-win_amd64.whl", hash = "sha256:24ca54f24b21f2d7ef8f664c582716b44a6f5e5770ccbf475fc33b7b2d3145a5"},
    {file = "jq-1.11.0-cp39-cp39-macosx_10_9_x86_64.whl", hash = "sha256:ecff3e4794058fe7acf5bf3dc75526954783adb8dd0907e94a757b4137b97e76"},
    {file = "jq-1.11.0-cp39-cp39-macosx_11_0_arm64.whl", hash = "sha256:75ae4fb6891ca8ad19e986392f22080ec835072f6844c7f632241c019d26e6fc"},
    {file = "jq-1.11.0-cp39-cp39-manylinux_2_24_aarch64.manylinux_2_28_aarch64.whl", hash = "sha256:3a39c154e50949d87434ac40edfe1d6f479bb248acf4e9059d2a64f37a734780"},
    {file = "jq-1.11.0-cp39-cp39-manylinux_2_24_x86_64.manylinux_2_28_x86_64.whl", hash = "sha256:a9511b8c38435e29347f2874aef683009a9ec6fd9ba3641db99de55b21701603"},
    {file = "jq-1.11.0-cp39-cp39-musllinux_1_2_aarch64.whl", hash = "sha256:781fbe32274ea33d8200634a378b35c4ab7e17889c6618149c02535e248a6e7d"},
    {file = "jq-1.11.0-cp39-cp39-musllinux_1_2_x86_64.whl", hash = "sha256:07c5a9b08b38b414b4a5f562f4ed99ef58e0aeb2530fcd53802abda8ce1d9e8b"},
    {file = "jq-1.11.0-cp39-cp39-win_amd64.whl", hash = "sha256:fbb189af2000458bbd59d291c73d5257b46d2ca9ef00c3d76b410fbb7dc0fd33"},
    {file = "jq-1.11.0-pp311-pypy311_pp73-macosx_10_15_x86_64.whl", hash = "sha256:62b8fd1b93ba3bad1f1051fa955ff675d076466c2e900c59afe2393bc09c49bc"},
    {file = "jq-1.11.0-pp311-pypy311_pp73-macosx_11_0_arm64.whl", hash = "sha256:77686477535191cdd2a01acfdcf3d67e71b4319edf33cab5bf5e383bbe147291"},
    {file = "jq-1.11.0-pp311-pypy311_pp73-manylinux_2_24_aarch64.manylinux_2_28_aarch64.whl", hash = "sha256:1bfeb6627f8dace23e0eaf7818ba4c5227e60bc2e843c9eafe895d59c0d274d1"},
    {file = "jq-1.11.0-pp311-pypy311_pp73-manylinux_2_24_x86_64.manylinux_2_28_x86_64.whl", hash = "sha256:594ebd007244e16b333bd2f35a5b766176be107ee99f9d92883a79d50439b93c"},
    {file = "jq-1.11.0.tar.gz", hash = "sha256:67f1032e3a61b4e5dcdd4e390527b0000db521ac9872b64517c83c5f71ef8450"},
]

[[package]]
name = "pyyaml"
version = "6.0.3"
description = "YAML parser and emitter for Python"
optional = false
python-versions = ">=3.8"
groups = ["dev"]
files = [
    {file = "PyYAML-6.0.3-cp38-cp38-macosx_10_13_x86_64.whl", hash = "sha256:c2514fceb77bc5e7a2f7adfaa1feb2fb311607c9cb518dbc378688ec73d8292f"},
    {file = "PyYAML-6.0.3-cp38-cp38-manylinux2014_aarch64.manylinux_2_17_aarch64.manylinux_2_28_aarch64.whl", hash = "sha256:9c57bb8c96f6d1808c030b1687b9b5fb476abaa47f0db9c0101f5e9f394e97f4"},
    {file = "PyYAML-6.0.3-cp38-cp38-manylinux2014_s390x.manylinux_2_17_s390x.manylinux_2_28_s390x.whl", hash = "sha256:efd7b85f94a6f21e4932043973a7ba2613b059c4a000551892ac9f1d11f5baf3"},
    {file = "PyYAML-6.0.3-cp38-cp38-manylinux2014_x86_64.manylinux_2_17_x86_64.manylinux_2_28_x86_64.whl", hash = "sha256:22ba7cfcad58ef3ecddc7ed1db3409af68d023b7f940da23c6c2a1890976eda6"},
    {file = "PyYAML-6.0.3-cp38-cp38-musllinux_1_2_x86_64.whl", hash = "sha256:6344df0d5755a2c9a276d4473ae6b90647e216ab4757f8426893b5dd2ac3f369"},
    {file = "PyYAML-6.0.3-cp38-cp38-win32.whl", hash = "sha256:3ff07ec89bae51176c0549bc4c63aa6202991da2d9a6129d7aef7f1407d3f295"},
    {file = "PyYAML-6.0.3-cp38-cp38-win_amd64.whl", hash = "sha256:5cf4e27da7e3fbed4d6c3d8e797387aaad68102272f8f9752883bc32d61cb87b"},
    {file = "pyyaml-6.0.3-cp310-cp310-macosx_10_13_x86_64.whl", hash = "sha256:214ed4befebe12df36bcc8bc2b64b396ca31be9304b8f59e25c11cf94a4c033b"},
    {file = "pyyaml-6.0.3-cp310-cp310-macosx_11_0_arm64.whl", hash = "sha256:02ea2dfa234451bbb8772601d7b8e426c2bfa197136796224e50e35a78777956"},
    {file = "pyyaml-6.0.3-cp310-cp310-manylinux2014_aarch64.manylinux_2_17_aarch64.manylinux_2_28_aarch64.whl", hash = "sha256:b30236e45cf30d2b8e7b3e85881719e98507abed1011bf463a8fa23e9c3e98a8"},
    {file = "pyyaml-6.0.3-cp310-cp310-manylinux2014_s390x.manylinux_2_17_s390x.manylinux_2_28_s390x.whl", hash = "sha256:66291b10affd76d76f54fad28e22e51719ef9ba22b29e1d7d03d6777a9174198"},
    {file = "pyyaml-6.0.3-cp310-cp310-manylinux2014_x86_64.manylinux_2_17_x86_64.manylinux_2_28_x86_64.whl", hash = "sha256:9c7708761fccb9397fe64bbc0395abcae8c4bf7b0eac081e12b809bf47700d0b"},
    {file = "pyyaml-6.0.3-cp310-cp310-musllinux_1_2_aarch64.whl", hash = "sha256:418cf3f2111bc80e0933b2cd8cd04f286338bb88bdc7bc8e6dd775ebde60b5e0"},
    {file = "pyyaml-6.0.3-cp310-cp310-musllinux_1_2_x86_64.whl", hash = "sha256:5e0b74767e5f8c593e8c9b5912019159ed0533c70051e9cce3e8b6aa699fcd69"},
    {file = "pyyaml-6.0.3-cp310-cp310-win32.whl", hash = "sha256:28c8d926f98f432f88adc23edf2e6d4921ac26fb084b028c733d01868d19007e"},
    {file = "pyyaml-6.0.3-cp310-cp310-win_amd64.whl", hash = "sha256:bdb2c67c6c1390b63c6ff89f210c8fd09d9a1217a465701eac7316313c915e4c"},
    {file = "pyyaml-6.0.3-cp311-cp311-macosx_10_13_x86_64.whl", hash = "sha256:44edc647873928551a01e7a563d7452ccdebee747728c1080d881d68af7b997e"},
    {file = "pyyaml-6.0.3-cp311-cp311-macosx_11_0_arm64.whl", hash = "sha256:652cb6edd41e718550aad172851962662ff2681490a8a711af6a4d288dd96824"},
    {file = "pyyaml-6.0.3-cp311-cp311-manylinux2014_aarch64.manylinux_2_17_aarch64.manylinux_2_28_aarch64.whl", hash = "sha256:10892704fc220243f5305762e276552a0395f7beb4dbf9b14ec8fd43b57f126c"},
    {file = "pyyaml-6.0.3-cp311-cp311-manylinux2014_s390x.manylinux_2_17_s390x.manylinux_2_28_s390x.whl", hash = "sha256:850774a7879607d3a6f50d36d04f00ee69e7fc816450e5f7e58d7f17f1ae5c00"},
    {file = "pyyaml-6.0.3-cp311-cp311-manylinux2014_x86_64.manylinux_2_17_x86_64.manylinux_2_28_x86_64.whl", hash = "sha256:b8bb0864c5a28024fac8a632c443c87c5aa6f215c0b126c449ae1a150412f31d"},
    {file = "pyyaml-6.0.3-cp311-cp311-musllinux_1_2_aarch64.whl", hash = "sha256:1d37d57ad971609cf3c53ba6a7e365e40660e3be0e5175fa9f2365a379d6095a"},
    {file = "pyyaml-6.0.3-cp311-cp311-musllinux_1_2_x86_64.whl", hash = "sha256:37503bfbfc9d2c40b344d06b2199cf0e96e97957ab1c1b546fd4f87e53e5d3e4"},
    {file = "pyyaml-6.0.3-cp311-cp311-win32.whl", hash = "sha256:8098f252adfa6c80ab48096053f512f2321f0b998f98150cea9bd23d83e1467b"},
    {file = "pyyaml-6.0.3-cp311-cp311-win_amd64.whl", hash = "sha256:9f3bfb4965eb874431221a3ff3fdcddc7e74e3b07799e0e84ca4a0f867d449bf"},
    {file = "pyyaml-6.0.3-cp312-cp312-macosx_10_13_x86_64.whl", hash = "sha256:7f047e29dcae44602496db43be01ad42fc6f1cc0d8cd6c83d342306c32270196"},
    {file = "pyyaml-6.0.3-cp312-cp312-macosx_11_0_arm64.whl", hash = "sha256:fc09d0aa354569bc501d4e787133afc08552722d3ab34836a80547331bb5d4a0"},
    {file = "pyyaml-6.0.3-cp312-cp312-manylinux2014_aarch64.manylinux_2_17_aarch64.manylinux_2_28_aarch64.whl", hash = "sha256:9149cad251584d5fb4981be1ecde53a1ca46c891a79788c0df828d2f166bda28"},
    {file = "pyyaml-6.0.3-cp312-cp312-manylinux2014_s390x.manylinux_2_17_s390x.manylinux_2_28_s390x.whl", hash = "sha256:5fdec68f91a0c6739b380c83b951e2c72ac0197ace422360e6d5a959d8d97b2c"},
    {file = "pyyaml-6.0.3-cp312-cp312-manylinux2014_x86_64.manylinux_2_17_x86_64.manylinux_2_28_x86_64.whl", hash = "sha256:ba1cc08a7ccde2d2ec775841541641e4548226580ab850948cbfda66a1befcdc"},
    {file = "pyyaml-6.0.3-cp312-cp312-musllinux_1_2_aarch64.whl", hash = "sha256:8dc52c23056b9ddd46818a57b78404882310fb473d63f17b07d5c40421e47f8e"},
    {file = "pyyaml-6.0.3-cp312-cp312-musllinux_1_2_x86_64.whl", hash = "sha256:41715c910c881bc081f1e8872880d3c650acf13dfa8214bad49ed4cede7c34ea"},
    {file = "pyyaml-6.0.3-cp312-cp312-win32.whl", hash = "sha256:96b533f0e99f6579b3d4d4995707cf36df9100d67e0c8303a0c55b27b5f99bc5"},
    {file = "pyyaml-6.0.3-cp312-cp312-win_amd64.whl", hash = "sha256:5fcd34e47f6e0b794d17de1b4ff496c00986e1c83f7ab2fb8fcfe9616ff7477b"},
    {file = "pyyaml-6.0.3-cp312-cp312-win_arm64.whl", hash = "sha256:64386e5e707d03a7e172c0701abfb7e10f0fb753ee1d773128192742712a98fd"},
    {file = "pyyaml-6.0.3-cp313-cp313-macosx_10_13_x86_64.whl", hash = "sha256:8da9669d359f02c0b91ccc01cac4a67f16afec0dac22c2ad09f46bee0697eba8"},
    {file = "pyyaml-6.0.3-cp313-cp313-macosx_11_0_arm64.whl", hash = "sha256:2283a07e2c21a2aa78d9c4442724ec1eb15f5e42a723b99cb3d822d48f5f7ad1"},
    {file = "pyyaml-6.0.3-cp313-cp313-manylinux2014_aarch64.manylinux_2_17_aarch64.manylinux_2_28_aarch64.whl", hash = "sha256:ee2922902c45ae8ccada2c5b501ab86c36525b883eff4255313a253a3160861c"},
    {file = "pyyaml-6.0.3-cp313-cp313-manylinux2014_s390x.manylinux_2_17_s390x.manylinux_2_28_s390x.whl", hash = "sha256:a33284e20b78bd4a18c8c2282d549d10bc8408a2a7ff57653c0cf0b9be0afce5"},
    {file = "pyyaml-6.0.3-cp313-cp313-manylinux2014_x86_64.manylinux_2_17_x86_64.manylinux_2_28_x86_64.whl", hash = "sha256:0f29edc409a6392443abf94b9cf89ce99889a1dd5376d94316ae5145dfedd5d6"},
    {file = "pyyaml-6.0.3-cp313-cp313-musllinux_1_2_aarch64.whl", hash = "sha256:f7057c9a337546edc7973c0d3ba84ddcdf0daa14533c2065749c9075001090e6"},
    {file = "pyyaml-6.0.3-cp313-cp313-musllinux_1_2_x86_64.whl", hash = "sha256:eda16858a3cab07b80edaf74336ece1f986ba330fdb8ee0d6c0d68fe82bc96be"},
    {file = "pyyaml-6.0.3-cp313-cp313-win32.whl", hash = "sha256:d0eae10f8159e8fdad514efdc92d74fd8d682c933a6dd088030f3834bc8e6b26"},
    {file = "pyyaml-6.0.3-cp313-cp313-win_amd64.whl", hash = "sha256:79005a0d97d5ddabfeeea4cf676af11e647e41d81c9a7722a193022accdb6b7c"},
    {file = "pyyaml-6.0.3-cp313-cp313-win_arm64.whl", hash = "sha256:5498cd1645aa724a7c71c8f378eb29ebe23da2fc0d7a08071d89469bf1d2defb"},
    {file = "pyyaml-6.0.3-cp314-cp314-macosx_10_13_x86_64.whl", hash = "sha256:8d1fab6bb153a416f9aeb4b8763bc0f22a5586065f86f7664fc23339fc1c1fac"},
    {file = "pyyaml-6.0.3-cp314-cp314-macosx_11_0_arm64.whl", hash = "sha256:34d5fcd24b8445fadc33f9cf348c1047101756fd760b4dacb5c3e99755703310"},
    {file = "pyyaml-6.0.3-cp314-cp314-manylinux2014_aarch64.manylinux_2_17_aarch64.manylinux_2_28_aarch64.whl", hash = "sha256:501a031947e3a9025ed4405a168e6ef5ae3126c59f90ce0cd6f2bfc477be31b7"},
    {file = "pyyaml-6.0.3-cp314-cp314-manylinux2014_s390x.manylinux_2_17_s390x.manylinux_2_28_s390x.whl", hash = "sha256:b3bc83488de33889877a0f2543ade9f70c67d66d9ebb4ac959502e12de895788"},
    {file = "pyyaml-6.0.3-cp314-cp314-manylinux2014_x86_64.manylinux_2_17_x86_64.manylinux_2_28_x86_64.whl", hash = "sha256:c458b6d084f9b935061bc36216e8a69a7e293a2f1e68bf956dcd9e6cbcd143f5"},
    {file = "pyyaml-6.0.3-cp314-cp314-musllinux_1_2_aarch64.whl", hash = "sha256:7c6610def4f163542a622a73fb39f534f8c101d690126992300bf3207eab9764"},
    {file = "pyyaml-6.0.3-cp314-cp314-musllinux_1_2_x86_64.whl", hash = "sha256:5190d403f121660ce8d1d2c1bb2ef1bd05b5f68533fc5c2ea899bd15f4399b35"},
    {file = "pyyaml-6.0.3-cp314-cp314-win_amd64.whl", hash = "sha256:4a2e8cebe2ff6ab7d1050ecd59c25d4c8bd7e6f400f5f82b96557ac0abafd0ac"},
    {file = "pyyaml-6.0.3-cp314-cp314-win_arm64.whl", hash = "sha256:93dda82c9c22deb0a405ea4dc5f2d0cda384168e466364dec6255b293923b2f3"},
    {file = "pyyaml-6.0.3-cp314-cp314t-macosx_10_13_x86_64.whl", hash = "sha256:02893d100e99e03eda1c8fd5c441d8c60103fd175728e23e431db1b589cf5ab3"},
    {file = "pyyaml-6.0.3-cp314-cp314t-macosx_11_0_arm64.whl", hash = "sha256:c1ff362665ae507275af2853520967820d9124984e0f7466736aea23d8611fba"},
    {file = "pyyaml-6.0.3-cp314-cp314t-manylinux2014_aarch64.manylinux_2_17_aarch64.manylinux_2_28_aarch64.whl", hash = "sha256:6adc77889b628398debc7b65c073bcb99c4a0237b248cacaf3fe8a557563ef6c"},
    {file = "pyyaml-6.0.3-cp314-cp314t-manylinux2014_s390x.manylinux_2_17_s390x.manylinux_2_28_s390x.whl", hash = "sha256:a80cb027f6b349846a3bf6d73b5e95e782175e52f22108cfa17876aaeff93702"},
    {file = "pyyaml-6.0.3-cp314-cp314t-manylinux2014_x86_64.manylinux_2_17_x86_64.manylinux_2_28_x86_64.whl", hash = "sha256:00c4bdeba853cc34e7dd471f16b4114f4162dc03e6b7afcc2128711f0eca823c"},
    {file = "pyyaml-6.0.3-cp314-cp314t-musllinux_1_2_aarch64.whl", hash = "sha256:66e1674c3ef6f541c35191caae2d429b967b99e02040f5ba928632d9a7f0f065"},
    {file = "pyyaml-6.0.3-cp314-cp314t-musllinux_1_2_x86_64.whl", hash = "sha256:16249ee61e95f858e83976573de0f5b2893b3677ba71c9dd36b9cf8be9ac6d65"},
    {file = "pyyaml-6.0.3-cp314-cp314t-win_amd64.whl", hash = "sha256:4ad1906908f2f5ae4e5a8ddfce73c320c2a1429ec52eafd27138b7f1cbe341c9"},
    {file = "pyyaml-6.0.3-cp314-cp314t-win_arm64.whl", hash = "sha256:ebc55a14a21cb14062aa4162f906cd962b28e2e9ea38f9b4391244cd8de4ae0b"},
    {file = "pyyaml-6.0.3-cp39-cp39-macosx_10_13_x86_64.whl", hash = "sha256:b865addae83924361678b652338317d1bd7e79b1f4596f96b96c77a5a34b34da"},
    {file = "pyyaml-6.0.3-cp39-cp39-macosx_11_0_arm64.whl", hash = "sha256:c3355370a2c156cffb25e876646f149d5d68f5e0a3ce86a5084dd0b64a994917"},
    {file = "pyyaml-6.0.3-cp39-cp39-manylinux2014_aarch64.manylinux_2_17_aarch64.manylinux_2_28_aarch64.whl", hash = "sha256:3c5677e12444c15717b902a5798264fa7909e41153cdf9ef7ad571b704a63dd9"},
    {file = "pyyaml-6.0.3-cp39-cp39-manylinux2014_s390x.manylinux_2_17_s390x.manylinux_2_28_s390x.whl", hash = "sha256:5ed875a24292240029e4483f9d4a4b8a1ae08843b9c54f43fcc11e404532a8a5"},
    {file = "pyyaml-6.0.3-cp39-cp39-manylinux2014_x86_64.manylinux_2_17_x86_64.manylinux_2_28_x86_64.whl", hash = "sha256:0150219816b6a1fa26fb4699fb7daa9caf09eb1999f3b70fb6e786805e80375a"},
    {file = "pyyaml-6.0.3-cp39-cp39-musllinux_1_2_aarch64.whl", hash = "sha256:fa160448684b4e94d80416c0fa4aac48967a969efe22931448d853ada8baf926"},
    {file = "pyyaml-6.0.3-cp39-cp39-musllinux_1_2_x86_64.whl", hash = "sha256:27c0abcb4a5dac13684a37f76e701e054692a9b2d3064b70f5e4eb54810553d7"},
    {file = "pyyaml-6.0.3-cp39-cp39-win32.whl", hash = "sha256:1ebe39cb5fc479422b83de611d14e2c0d3bb2a18bbcb01f229ab3cfbd8fee7a0"},
    {file = "pyyaml-6.0.3-cp39-cp39-win_amd64.whl", hash = "sha256:2e71d11abed7344e42a8849600193d15b6def118602c4c176f748e4583246007"},
    {file = "pyyaml-6.0.3.tar.gz", hash = "sha256:d76623373421df22fb4cf8817020cbb7ef15c725b9d5e45f17e189bfc384190f"},
]

[metadata]
lock-version = "2.1"
python-versions = "^3.8"
content-hash = "ec76571aa5c5f070552ac05c057b118c70081d610d162513b9c6926e4f454c8e"
